
Microsoft Visual Studio Solution File, Format Version 12.00
# Visual Studio Version 17
VisualStudioVersion = 17.1.32328.378
MinimumVisualStudioVersion = 10.0.40219.1
Project("{9A19103F-16F7-4668-BE54-9A1E7A4F7556}") = "Casino", "Casino\Casino.csproj", "{CF432982-E6BC-4F76-811C-C98905EEFB47}"
EndProject
Project("{FAE04EC0-301F-11D3-BF4B-00C04F79EFBC}") = "Casino.Tests", "Casino.Tests\Casino.Tests.csproj", "{C7A85CD1-F670-458B-9CD2-F5E42D07D9AF}"
EndProject
Global
	GlobalSection(SolutionConfigurationPlatforms) = preSolution
		Debug|Any CPU = Debug|Any CPU
		Release|Any CPU = Release|Any CPU
	EndGlobalSection
	GlobalSection(ProjectConfigurationPlatforms) = postSolution
		{CF432982-E6BC-4F76-811C-C98905EEFB47}.Debug|Any CPU.ActiveCfg = Debug|Any CPU
		{CF432982-E6BC-4F76-811C-C98905EEFB47}.Debug|Any CPU.Build.0 = Debug|Any CPU
		{CF432982-E6BC-4F76-811C-C98905EEFB47}.Release|Any CPU.ActiveCfg = Release|Any CPU
		{CF432982-E6BC-4F76-811C-C98905EEFB47}.Release|Any CPU.Build.0 = Release|Any CPU
		{C7A85CD1-F670-458B-9CD2-F5E42D07D9AF}.Debug|Any CPU.ActiveCfg = Debug|Any CPU
		{C7A85CD1-F670-458B-9CD2-F5E42D07D9AF}.Debug|Any CPU.Build.0 = Debug|Any CPU
		{C7A85CD1-F670-458B-9CD2-F5E42D07D9AF}.Release|Any CPU.ActiveCfg = Release|Any CPU
		{C7A85CD1-F670-458B-9CD2-F5E42D07D9AF}.Release|Any CPU.Build.0 = Release|Any CPU
	EndGlobalSection
	GlobalSection(SolutionProperties) = preSolution
		HideSolutionNode = FALSE
	EndGlobalSection
	GlobalSection(ExtensibilityGlobals) = postSolution
		SolutionGuid = {39CA2B82-EAB7-4ABD-AE86-77147BEF2F59}
	EndGlobalSection
EndGlobal
